<?xml version="1.0" encoding="UTF-8" standalone="yes" ?>
<CodeBlocks_project_file>
	<FileVersion major="1" minor="6" />
	<Project>
		<Option title="MiniSurvivors" />
		<Option pch_mode="2" />
		<Option compiler="gcc" />
		<Build>
			<Target title="Debug">
				<Option output="bin/Debug/MiniSurvivors" prefix_auto="1" extension_auto="1" />
				<Option object_output="obj/Debug/" />
				<Option type="1" />
				<Option compiler="gcc" />
				<Compiler>
					<Add option="-g" />
					<Add directory="include" />
				</Compiler>
				<Linker>
					<Add library="sfml-graphics-d" />
					<Add library="sfml-window-d" />
					<Add library="sfml-system-d" />
				</Linker>
			</Target>
			<Target title="Release">
				<Option output="bin/Release/MiniSurvivors" prefix_auto="1" extension_auto="1" />
				<Option object_output="obj/Release/" />
				<Option type="1" />
				<Option compiler="gcc" />
				<Compiler>
					<Add option="-O2" />
					<Add directory="include" />
				</Compiler>
				<Linker>
					<Add option="-s" />
					<Add library="sfml-graphics" />
					<Add library="sfml-window" />
					<Add library="sfml-system" />
				</Linker>
			</Target>
		</Build>
		<Compiler>
			<Add option="-Wall" />
			<Add option="-fexceptions" />
			<Add directory="F:/dev/SFML-2.5.1/include" />
		</Compiler>
		<Linker>
			<Add directory="F:/dev/SFML-2.5.1/lib" />
		</Linker>
		<Unit filename="assets/mago.png" />
		<Unit filename="include/Enemy.h" />
		<Unit filename="include/FileManager.h" />
		<Unit filename="include/Game.h" />
		<Unit filename="include/Globals.h" />
		<Unit filename="include/Player.h" />
		<Unit filename="include/Spawner.h" />
		<Unit filename="include/entity.h" />
		<Unit filename="main.cpp" />
		<Unit filename="src/Enemy.cpp" />
		<Unit filename="src/FileManager.cpp" />
		<Unit filename="src/Game.cpp" />
		<Unit filename="src/Globals.cpp" />
		<Unit filename="src/Player.cpp" />
		<Unit filename="src/Spawner.cpp" />
		<Unit filename="src/entity.cpp" />
		<Extensions>
			<lib_finder disable_auto="1" />
		</Extensions>
	</Project>
</CodeBlocks_project_file>
